PODS:
  - SampleSwiftUIFramework (0.0.9)

DEPENDENCIES:
  - SampleSwiftUIFramework (from `https://gitea.syncfusion.com/JalagandeswaranSaiNandaKumar/SampleSwiftUIFramework.git`, tag `0.0.9`)

EXTERNAL SOURCES:
  SampleSwiftUIFramework:
    :git: https://gitea.syncfusion.com/JalagandeswaranSaiNandaKumar/SampleSwiftUIFramework.git
    :tag: 0.0.9

CHECKOUT OPTIONS:
  SampleSwiftUIFramework:
    :git: https://gitea.syncfusion.com/JalagandeswaranSaiNandaKumar/SampleSwiftUIFramework.git
    :tag: 0.0.9

SPEC CHECKSUMS:
  SampleSwiftUIFramework: 8657e3f70be65bfa3a6a8c495d325b1b0f3d298d

PODFILE CHECKSUM: 8853f987f3761590a969b69227383737cfddeed3

COCOAPODS: 1.16.2
